
Microsoft Visual Studio Solution File, Format Version 12.00
# Visual Studio Version 16
VisualStudioVersion = 16.0.30907.101
MinimumVisualStudioVersion = 10.0.40219.1
Project("{FAE04EC0-301F-11D3-BF4B-00C04F79EFBC}") = "WindowsFormsApp1", "WindowsFormsApp1\WindowsFormsApp1.csproj", "{C85BEA6E-E034-4C07-8034-6903FD6F15AE}"
EndProject
Global
	GlobalSection(SolutionConfigurationPlatforms) = preSolution
		Debug|Any CPU = Debug|Any CPU
		Release|Any CPU = Release|Any CPU
	EndGlobalSection
	GlobalSection(ProjectConfigurationPlatforms) = postSolution
		{C85BEA6E-E034-4C07-8034-6903FD6F15AE}.Debug|Any CPU.ActiveCfg = Debug|Any CPU
		{C85BEA6E-E034-4C07-8034-6903FD6F15AE}.Debug|Any CPU.Build.0 = Debug|Any CPU
		{C85BEA6E-E034-4C07-8034-6903FD6F15AE}.Release|Any CPU.ActiveCfg = Release|Any CPU
		{C85BEA6E-E034-4C07-8034-6903FD6F15AE}.Release|Any CPU.Build.0 = Release|Any CPU
	EndGlobalSection
	GlobalSection(SolutionProperties) = preSolution
		HideSolutionNode = FALSE
	EndGlobalSection
	GlobalSection(ExtensibilityGlobals) = postSolution
		SolutionGuid = {58C527AB-2738-4D09-AA22-2707D3A402EE}
	EndGlobalSection
EndGlobal
